
Microsoft Visual Studio Solution File, Format Version 12.00
# Visual Studio Version 17
VisualStudioVersion = 17.12.35514.174
MinimumVisualStudioVersion = 10.0.40219.1
Project("{FAE04EC0-301F-11D3-BF4B-00C04F79EFBC}") = "L1_KhaiBaoBienVaKieuDuLieu", "L1_KhaiBaoBienVaKieuDuLieu\L1_KhaiBaoBienVaKieuDuLieu.csproj", "{55E30400-CA05-458E-B174-09A9EA81A1CD}"
EndProject
Project("{FAE04EC0-301F-11D3-BF4B-00C04F79EFBC}") = "L2_DieuKienVongLap", "L2_DieuKienVongLap\L2_DieuKienVongLap.csproj", "{F3E44EAD-CEF5-4627-A5F7-93E2849A65DC}"
EndProject
Project("{FAE04EC0-301F-11D3-BF4B-00C04F79EFBC}") = "L2.5_XuLyChuoi", "L2.5_XuLyChuoi\L2.5_XuLyChuoi.csproj", "{01638078-F4ED-4A3C-8DB7-1A6A8B77B367}"
EndProject
Project("{FAE04EC0-301F-11D3-BF4B-00C04F79EFBC}") = "L4_LuyenTap_DK_VongLap", "L4_LuyenTap_DK_VongLap\L4_LuyenTap_DK_VongLap.csproj", "{1B843D55-2AAB-4241-81DA-659D92A45F9D}"
EndProject
Project("{FAE04EC0-301F-11D3-BF4B-00C04F79EFBC}") = "L5_OOP_Class_Object_DongGoi", "L5_OOP_Class_Object_DongGoi\L5_OOP_Class_Object_DongGoi.csproj", "{4CC49442-0B00-474C-A5B6-28C7F2D39875}"
EndProject
Global
	GlobalSection(SolutionConfigurationPlatforms) = preSolution
		Debug|Any CPU = Debug|Any CPU
		Release|Any CPU = Release|Any CPU
	EndGlobalSection
	GlobalSection(ProjectConfigurationPlatforms) = postSolution
		{55E30400-CA05-458E-B174-09A9EA81A1CD}.Debug|Any CPU.ActiveCfg = Debug|Any CPU
		{55E30400-CA05-458E-B174-09A9EA81A1CD}.Debug|Any CPU.Build.0 = Debug|Any CPU
		{55E30400-CA05-458E-B174-09A9EA81A1CD}.Release|Any CPU.ActiveCfg = Release|Any CPU
		{55E30400-CA05-458E-B174-09A9EA81A1CD}.Release|Any CPU.Build.0 = Release|Any CPU
		{F3E44EAD-CEF5-4627-A5F7-93E2849A65DC}.Debug|Any CPU.ActiveCfg = Debug|Any CPU
		{F3E44EAD-CEF5-4627-A5F7-93E2849A65DC}.Debug|Any CPU.Build.0 = Debug|Any CPU
		{F3E44EAD-CEF5-4627-A5F7-93E2849A65DC}.Release|Any CPU.ActiveCfg = Release|Any CPU
		{F3E44EAD-CEF5-4627-A5F7-93E2849A65DC}.Release|Any CPU.Build.0 = Release|Any CPU
		{01638078-F4ED-4A3C-8DB7-1A6A8B77B367}.Debug|Any CPU.ActiveCfg = Debug|Any CPU
		{01638078-F4ED-4A3C-8DB7-1A6A8B77B367}.Debug|Any CPU.Build.0 = Debug|Any CPU
		{01638078-F4ED-4A3C-8DB7-1A6A8B77B367}.Release|Any CPU.ActiveCfg = Release|Any CPU
		{01638078-F4ED-4A3C-8DB7-1A6A8B77B367}.Release|Any CPU.Build.0 = Release|Any CPU
		{1B843D55-2AAB-4241-81DA-659D92A45F9D}.Debug|Any CPU.ActiveCfg = Debug|Any CPU
		{1B843D55-2AAB-4241-81DA-659D92A45F9D}.Debug|Any CPU.Build.0 = Debug|Any CPU
		{1B843D55-2AAB-4241-81DA-659D92A45F9D}.Release|Any CPU.ActiveCfg = Release|Any CPU
		{1B843D55-2AAB-4241-81DA-659D92A45F9D}.Release|Any CPU.Build.0 = Release|Any CPU
		{4CC49442-0B00-474C-A5B6-28C7F2D39875}.Debug|Any CPU.ActiveCfg = Debug|Any CPU
		{4CC49442-0B00-474C-A5B6-28C7F2D39875}.Debug|Any CPU.Build.0 = Debug|Any CPU
		{4CC49442-0B00-474C-A5B6-28C7F2D39875}.Release|Any CPU.ActiveCfg = Release|Any CPU
		{4CC49442-0B00-474C-A5B6-28C7F2D39875}.Release|Any CPU.Build.0 = Release|Any CPU
	EndGlobalSection
	GlobalSection(SolutionProperties) = preSolution
		HideSolutionNode = FALSE
	EndGlobalSection
EndGlobal
