
Microsoft Visual Studio Solution File, Format Version 12.00
# Visual Studio Version 17
VisualStudioVersion = 17.12.35514.174 d17.12
MinimumVisualStudioVersion = 10.0.40219.1
Project("{FAE04EC0-301F-11D3-BF4B-00C04F79EFBC}") = "L1_KhaiBaoBienVaKieuDuLieu", "L1_KhaiBaoBienVaKieuDuLieu\L1_KhaiBaoBienVaKieuDuLieu.csproj", "{55E30400-CA05-458E-B174-09A9EA81A1CD}"
EndProject
Global
	GlobalSection(SolutionConfigurationPlatforms) = preSolution
		Debug|Any CPU = Debug|Any CPU
		Release|Any CPU = Release|Any CPU
	EndGlobalSection
	GlobalSection(ProjectConfigurationPlatforms) = postSolution
		{55E30400-CA05-458E-B174-09A9EA81A1CD}.Debug|Any CPU.ActiveCfg = Debug|Any CPU
		{55E30400-CA05-458E-B174-09A9EA81A1CD}.Debug|Any CPU.Build.0 = Debug|Any CPU
		{55E30400-CA05-458E-B174-09A9EA81A1CD}.Release|Any CPU.ActiveCfg = Release|Any CPU
		{55E30400-CA05-458E-B174-09A9EA81A1CD}.Release|Any CPU.Build.0 = Release|Any CPU
	EndGlobalSection
	GlobalSection(SolutionProperties) = preSolution
		HideSolutionNode = FALSE
	EndGlobalSection
EndGlobal
