
Microsoft Visual Studio Solution File, Format Version 12.00
# Visual Studio Version 17
VisualStudioVersion = 17.12.35514.174
MinimumVisualStudioVersion = 10.0.40219.1
Project("{FAE04EC0-301F-11D3-BF4B-00C04F79EFBC}") = "L1_KhaiBaoBienVaKieuDuLieu", "L1_KhaiBaoBienVaKieuDuLieu\L1_KhaiBaoBienVaKieuDuLieu.csproj", "{55E30400-CA05-458E-B174-09A9EA81A1CD}"
EndProject
Project("{FAE04EC0-301F-11D3-BF4B-00C04F79EFBC}") = "L2_DieuKienVongLap", "L2_DieuKienVongLap\L2_DieuKienVongLap.csproj", "{F3E44EAD-CEF5-4627-A5F7-93E2849A65DC}"
EndProject
Project("{FAE04EC0-301F-11D3-BF4B-00C04F79EFBC}") = "L2.5_XuLyChuoi", "L2.5_XuLyChuoi\L2.5_XuLyChuoi.csproj", "{01638078-F4ED-4A3C-8DB7-1A6A8B77B367}"
EndProject
Project("{FAE04EC0-301F-11D3-BF4B-00C04F79EFBC}") = "L4_LuyenTap_DK_VongLap", "L4_LuyenTap_DK_VongLap\L4_LuyenTap_DK_VongLap.csproj", "{1B843D55-2AAB-4241-81DA-659D92A45F9D}"
EndProject
Project("{FAE04EC0-301F-11D3-BF4B-00C04F79EFBC}") = "L5_OOP_Class_Object_DongGoi", "L5_OOP_Class_Object_DongGoi\L5_OOP_Class_Object_DongGoi.csproj", "{4CC49442-0B00-474C-A5B6-28C7F2D39875}"
EndProject
Project("{FAE04EC0-301F-11D3-BF4B-00C04F79EFBC}") = "L6_TapHop", "L6_TapHop\L6_TapHop.csproj", "{C7E870B9-1AC2-474E-A21F-5DBF71CEF449}"
EndProject
Project("{FAE04EC0-301F-11D3-BF4B-00C04F79EFBC}") = "L6.5_ChuaBaiTap", "L6.5_ChuaBaiTap\L6.5_ChuaBaiTap.csproj", "{7B6CACEA-5DEF-44E6-9CE4-340023776AE6}"
EndProject
Project("{FAE04EC0-301F-11D3-BF4B-00C04F79EFBC}") = "ChuaLab34", "ChuaLab34\ChuaLab34.csproj", "{5D78B588-F4DC-441F-8A99-61E6C25684DA}"
EndProject
Project("{FAE04EC0-301F-11D3-BF4B-00C04F79EFBC}") = "L7_KeThua", "L7_KeThua\L7_KeThua.csproj", "{5CC1E66B-9C67-4C37-AA10-4FA02D23EBE7}"
EndProject
Project("{FAE04EC0-301F-11D3-BF4B-00C04F79EFBC}") = "L8_DaHinh", "L8_DaHinh\L8_DaHinh.csproj", "{0D3B39C5-CC38-489A-9704-9E0B27D2805B}"
EndProject
Project("{FAE04EC0-301F-11D3-BF4B-00C04F79EFBC}") = "OnTapTongHop", "OnTapTongHop\OnTapTongHop.csproj", "{43612F95-8437-4CED-A2B2-8794BE0DEA35}"
EndProject
Project("{FAE04EC0-301F-11D3-BF4B-00C04F79EFBC}") = "L9_OnTap_DongGoi_KeThua", "L9_OnTap_DongGoi_KeThua\L9_OnTap_DongGoi_KeThua.csproj", "{DC7D31D4-D53A-49CD-9AA7-B5E7E1A93290}"
EndProject
Project("{FAE04EC0-301F-11D3-BF4B-00C04F79EFBC}") = "L10_TruuTuong", "L10_TruuTuong\L10_TruuTuong.csproj", "{5825F588-6834-4133-A4A2-1F1B48703BBD}"
EndProject
Project("{FAE04EC0-301F-11D3-BF4B-00C04F79EFBC}") = "L10_5_ChuaBaiTap", "L10_5_ChuaBaiTap\L10_5_ChuaBaiTap.csproj", "{B9410144-3F88-41E9-9347-A5E54FDDF73D}"
EndProject
Project("{FAE04EC0-301F-11D3-BF4B-00C04F79EFBC}") = "L10_3_TryCatch", "L10_3_TryCatch\L10_3_TryCatch.csproj", "{C66F5126-C614-4178-81E6-9932D05F6697}"
EndProject
Project("{FAE04EC0-301F-11D3-BF4B-00C04F79EFBC}") = "L11_OnTap_ChuaBai", "L11_OnTap_ChuaBai\L11_OnTap_ChuaBai.csproj", "{445E723B-506E-4506-8D88-9D65B0FBF037}"
EndProject
Project("{FAE04EC0-301F-11D3-BF4B-00C04F79EFBC}") = "L11_1_Assignment2_Support", "L11_1_Assignment2_Support\L11_1_Assignment2_Support.csproj", "{5EDCE92E-DBEE-4F2A-9DC3-EAB1CE0C92B4}"
EndProject
Global
	GlobalSection(SolutionConfigurationPlatforms) = preSolution
		Debug|Any CPU = Debug|Any CPU
		Release|Any CPU = Release|Any CPU
	EndGlobalSection
	GlobalSection(ProjectConfigurationPlatforms) = postSolution
		{55E30400-CA05-458E-B174-09A9EA81A1CD}.Debug|Any CPU.ActiveCfg = Debug|Any CPU
		{55E30400-CA05-458E-B174-09A9EA81A1CD}.Debug|Any CPU.Build.0 = Debug|Any CPU
		{55E30400-CA05-458E-B174-09A9EA81A1CD}.Release|Any CPU.ActiveCfg = Release|Any CPU
		{55E30400-CA05-458E-B174-09A9EA81A1CD}.Release|Any CPU.Build.0 = Release|Any CPU
		{F3E44EAD-CEF5-4627-A5F7-93E2849A65DC}.Debug|Any CPU.ActiveCfg = Debug|Any CPU
		{F3E44EAD-CEF5-4627-A5F7-93E2849A65DC}.Debug|Any CPU.Build.0 = Debug|Any CPU
		{F3E44EAD-CEF5-4627-A5F7-93E2849A65DC}.Release|Any CPU.ActiveCfg = Release|Any CPU
		{F3E44EAD-CEF5-4627-A5F7-93E2849A65DC}.Release|Any CPU.Build.0 = Release|Any CPU
		{01638078-F4ED-4A3C-8DB7-1A6A8B77B367}.Debug|Any CPU.ActiveCfg = Debug|Any CPU
		{01638078-F4ED-4A3C-8DB7-1A6A8B77B367}.Debug|Any CPU.Build.0 = Debug|Any CPU
		{01638078-F4ED-4A3C-8DB7-1A6A8B77B367}.Release|Any CPU.ActiveCfg = Release|Any CPU
		{01638078-F4ED-4A3C-8DB7-1A6A8B77B367}.Release|Any CPU.Build.0 = Release|Any CPU
		{1B843D55-2AAB-4241-81DA-659D92A45F9D}.Debug|Any CPU.ActiveCfg = Debug|Any CPU
		{1B843D55-2AAB-4241-81DA-659D92A45F9D}.Debug|Any CPU.Build.0 = Debug|Any CPU
		{1B843D55-2AAB-4241-81DA-659D92A45F9D}.Release|Any CPU.ActiveCfg = Release|Any CPU
		{1B843D55-2AAB-4241-81DA-659D92A45F9D}.Release|Any CPU.Build.0 = Release|Any CPU
		{4CC49442-0B00-474C-A5B6-28C7F2D39875}.Debug|Any CPU.ActiveCfg = Debug|Any CPU
		{4CC49442-0B00-474C-A5B6-28C7F2D39875}.Debug|Any CPU.Build.0 = Debug|Any CPU
		{4CC49442-0B00-474C-A5B6-28C7F2D39875}.Release|Any CPU.ActiveCfg = Release|Any CPU
		{4CC49442-0B00-474C-A5B6-28C7F2D39875}.Release|Any CPU.Build.0 = Release|Any CPU
		{C7E870B9-1AC2-474E-A21F-5DBF71CEF449}.Debug|Any CPU.ActiveCfg = Debug|Any CPU
		{C7E870B9-1AC2-474E-A21F-5DBF71CEF449}.Debug|Any CPU.Build.0 = Debug|Any CPU
		{C7E870B9-1AC2-474E-A21F-5DBF71CEF449}.Release|Any CPU.ActiveCfg = Release|Any CPU
		{C7E870B9-1AC2-474E-A21F-5DBF71CEF449}.Release|Any CPU.Build.0 = Release|Any CPU
		{7B6CACEA-5DEF-44E6-9CE4-340023776AE6}.Debug|Any CPU.ActiveCfg = Debug|Any CPU
		{7B6CACEA-5DEF-44E6-9CE4-340023776AE6}.Debug|Any CPU.Build.0 = Debug|Any CPU
		{7B6CACEA-5DEF-44E6-9CE4-340023776AE6}.Release|Any CPU.ActiveCfg = Release|Any CPU
		{7B6CACEA-5DEF-44E6-9CE4-340023776AE6}.Release|Any CPU.Build.0 = Release|Any CPU
		{5D78B588-F4DC-441F-8A99-61E6C25684DA}.Debug|Any CPU.ActiveCfg = Debug|Any CPU
		{5D78B588-F4DC-441F-8A99-61E6C25684DA}.Debug|Any CPU.Build.0 = Debug|Any CPU
		{5D78B588-F4DC-441F-8A99-61E6C25684DA}.Release|Any CPU.ActiveCfg = Release|Any CPU
		{5D78B588-F4DC-441F-8A99-61E6C25684DA}.Release|Any CPU.Build.0 = Release|Any CPU
		{5CC1E66B-9C67-4C37-AA10-4FA02D23EBE7}.Debug|Any CPU.ActiveCfg = Debug|Any CPU
		{5CC1E66B-9C67-4C37-AA10-4FA02D23EBE7}.Debug|Any CPU.Build.0 = Debug|Any CPU
		{5CC1E66B-9C67-4C37-AA10-4FA02D23EBE7}.Release|Any CPU.ActiveCfg = Release|Any CPU
		{5CC1E66B-9C67-4C37-AA10-4FA02D23EBE7}.Release|Any CPU.Build.0 = Release|Any CPU
		{0D3B39C5-CC38-489A-9704-9E0B27D2805B}.Debug|Any CPU.ActiveCfg = Debug|Any CPU
		{0D3B39C5-CC38-489A-9704-9E0B27D2805B}.Debug|Any CPU.Build.0 = Debug|Any CPU
		{0D3B39C5-CC38-489A-9704-9E0B27D2805B}.Release|Any CPU.ActiveCfg = Release|Any CPU
		{0D3B39C5-CC38-489A-9704-9E0B27D2805B}.Release|Any CPU.Build.0 = Release|Any CPU
		{43612F95-8437-4CED-A2B2-8794BE0DEA35}.Debug|Any CPU.ActiveCfg = Debug|Any CPU
		{43612F95-8437-4CED-A2B2-8794BE0DEA35}.Debug|Any CPU.Build.0 = Debug|Any CPU
		{43612F95-8437-4CED-A2B2-8794BE0DEA35}.Release|Any CPU.ActiveCfg = Release|Any CPU
		{43612F95-8437-4CED-A2B2-8794BE0DEA35}.Release|Any CPU.Build.0 = Release|Any CPU
		{DC7D31D4-D53A-49CD-9AA7-B5E7E1A93290}.Debug|Any CPU.ActiveCfg = Debug|Any CPU
		{DC7D31D4-D53A-49CD-9AA7-B5E7E1A93290}.Debug|Any CPU.Build.0 = Debug|Any CPU
		{DC7D31D4-D53A-49CD-9AA7-B5E7E1A93290}.Release|Any CPU.ActiveCfg = Release|Any CPU
		{DC7D31D4-D53A-49CD-9AA7-B5E7E1A93290}.Release|Any CPU.Build.0 = Release|Any CPU
		{5825F588-6834-4133-A4A2-1F1B48703BBD}.Debug|Any CPU.ActiveCfg = Debug|Any CPU
		{5825F588-6834-4133-A4A2-1F1B48703BBD}.Debug|Any CPU.Build.0 = Debug|Any CPU
		{5825F588-6834-4133-A4A2-1F1B48703BBD}.Release|Any CPU.ActiveCfg = Release|Any CPU
		{5825F588-6834-4133-A4A2-1F1B48703BBD}.Release|Any CPU.Build.0 = Release|Any CPU
		{B9410144-3F88-41E9-9347-A5E54FDDF73D}.Debug|Any CPU.ActiveCfg = Debug|Any CPU
		{B9410144-3F88-41E9-9347-A5E54FDDF73D}.Debug|Any CPU.Build.0 = Debug|Any CPU
		{B9410144-3F88-41E9-9347-A5E54FDDF73D}.Release|Any CPU.ActiveCfg = Release|Any CPU
		{B9410144-3F88-41E9-9347-A5E54FDDF73D}.Release|Any CPU.Build.0 = Release|Any CPU
		{C66F5126-C614-4178-81E6-9932D05F6697}.Debug|Any CPU.ActiveCfg = Debug|Any CPU
		{C66F5126-C614-4178-81E6-9932D05F6697}.Debug|Any CPU.Build.0 = Debug|Any CPU
		{C66F5126-C614-4178-81E6-9932D05F6697}.Release|Any CPU.ActiveCfg = Release|Any CPU
		{C66F5126-C614-4178-81E6-9932D05F6697}.Release|Any CPU.Build.0 = Release|Any CPU
		{445E723B-506E-4506-8D88-9D65B0FBF037}.Debug|Any CPU.ActiveCfg = Debug|Any CPU
		{445E723B-506E-4506-8D88-9D65B0FBF037}.Debug|Any CPU.Build.0 = Debug|Any CPU
		{445E723B-506E-4506-8D88-9D65B0FBF037}.Release|Any CPU.ActiveCfg = Release|Any CPU
		{445E723B-506E-4506-8D88-9D65B0FBF037}.Release|Any CPU.Build.0 = Release|Any CPU
		{5EDCE92E-DBEE-4F2A-9DC3-EAB1CE0C92B4}.Debug|Any CPU.ActiveCfg = Debug|Any CPU
		{5EDCE92E-DBEE-4F2A-9DC3-EAB1CE0C92B4}.Debug|Any CPU.Build.0 = Debug|Any CPU
		{5EDCE92E-DBEE-4F2A-9DC3-EAB1CE0C92B4}.Release|Any CPU.ActiveCfg = Release|Any CPU
		{5EDCE92E-DBEE-4F2A-9DC3-EAB1CE0C92B4}.Release|Any CPU.Build.0 = Release|Any CPU
	EndGlobalSection
	GlobalSection(SolutionProperties) = preSolution
		HideSolutionNode = FALSE
	EndGlobalSection
EndGlobal
